
Microsoft Visual Studio Solution File, Format Version 12.00
Project("{FAE04EC0-301F-11D3-BF4B-00C04F79EFBC}") = "LoverBoyLetters", "LoverBoyLetters.csproj", "{11DAA293-3ED7-48AC-84F7-E2A093804BFD}"
EndProject
Global
	GlobalSection(SolutionConfigurationPlatforms) = preSolution
		Debug|Any CPU = Debug|Any CPU
		Release|Any CPU = Release|Any CPU
	EndGlobalSection
	GlobalSection(ProjectConfigurationPlatforms) = postSolution
		{11DAA293-3ED7-48AC-84F7-E2A093804BFD}.Debug|Any CPU.ActiveCfg = Debug|Any CPU
		{11DAA293-3ED7-48AC-84F7-E2A093804BFD}.Debug|Any CPU.Build.0 = Debug|Any CPU
		{11DAA293-3ED7-48AC-84F7-E2A093804BFD}.Release|Any CPU.ActiveCfg = Release|Any CPU
		{11DAA293-3ED7-48AC-84F7-E2A093804BFD}.Release|Any CPU.Build.0 = Release|Any CPU
	EndGlobalSection
EndGlobal
